
Microsoft Visual Studio Solution File, Format Version 12.00
Project("{FAE04EC0-301F-11D3-BF4B-00C04F79EFBC}") = "MonoDebugger", "MonoDebugger\MonoDebugger.csproj", "{C810AAB3-FC07-47F5-9417-593E2E9E160E}"
EndProject
Project("{FAE04EC0-301F-11D3-BF4B-00C04F79EFBC}") = "Mono.Debugging.Soft", "Mono\Mono.Debugging.Soft\Mono.Debugging.Soft.csproj", "{9946DF8D-AF00-4A5D-91F3-923023369510}"
EndProject
Project("{FAE04EC0-301F-11D3-BF4B-00C04F79EFBC}") = "Mono.Debugging", "Mono\Mono.Debugging\Mono.Debugging.csproj", "{E48BDE80-8E6C-47D2-9559-794546ECE645}"
EndProject
Project("{FAE04EC0-301F-11D3-BF4B-00C04F79EFBC}") = "Mono.Debugger.Soft", "Mono\Mono.Debugger.Soft\Mono.Debugger.Soft.csproj", "{B2FB0507-7BBB-472A-97E4-A7E3A54913C4}"
EndProject
Global
	GlobalSection(SolutionConfigurationPlatforms) = preSolution
		Debug|Any CPU = Debug|Any CPU
		Release|Any CPU = Release|Any CPU
	EndGlobalSection
	GlobalSection(ProjectConfigurationPlatforms) = postSolution
		{C810AAB3-FC07-47F5-9417-593E2E9E160E}.Debug|Any CPU.ActiveCfg = Debug|Any CPU
		{C810AAB3-FC07-47F5-9417-593E2E9E160E}.Debug|Any CPU.Build.0 = Debug|Any CPU
		{C810AAB3-FC07-47F5-9417-593E2E9E160E}.Release|Any CPU.ActiveCfg = Release|Any CPU
		{C810AAB3-FC07-47F5-9417-593E2E9E160E}.Release|Any CPU.Build.0 = Release|Any CPU
		{9946DF8D-AF00-4A5D-91F3-923023369510}.Debug|Any CPU.ActiveCfg = Debug|Any CPU
		{9946DF8D-AF00-4A5D-91F3-923023369510}.Debug|Any CPU.Build.0 = Debug|Any CPU
		{9946DF8D-AF00-4A5D-91F3-923023369510}.Release|Any CPU.ActiveCfg = Release|Any CPU
		{9946DF8D-AF00-4A5D-91F3-923023369510}.Release|Any CPU.Build.0 = Release|Any CPU
		{E48BDE80-8E6C-47D2-9559-794546ECE645}.Debug|Any CPU.ActiveCfg = Debug|Any CPU
		{E48BDE80-8E6C-47D2-9559-794546ECE645}.Debug|Any CPU.Build.0 = Debug|Any CPU
		{E48BDE80-8E6C-47D2-9559-794546ECE645}.Release|Any CPU.ActiveCfg = Release|Any CPU
		{E48BDE80-8E6C-47D2-9559-794546ECE645}.Release|Any CPU.Build.0 = Release|Any CPU
		{B2FB0507-7BBB-472A-97E4-A7E3A54913C4}.Debug|Any CPU.ActiveCfg = Debug|Any CPU
		{B2FB0507-7BBB-472A-97E4-A7E3A54913C4}.Debug|Any CPU.Build.0 = Debug|Any CPU
		{B2FB0507-7BBB-472A-97E4-A7E3A54913C4}.Release|Any CPU.ActiveCfg = Release|Any CPU
		{B2FB0507-7BBB-472A-97E4-A7E3A54913C4}.Release|Any CPU.Build.0 = Release|Any CPU
	EndGlobalSection
EndGlobal
